
Microsoft Visual Studio Solution File, Format Version 12.00
# Visual Studio Version 17
VisualStudioVersion = 17.0.32014.148
MinimumVisualStudioVersion = 10.0.40219.1
Project("{FAE04EC0-301F-11D3-BF4B-00C04F79EFBC}") = "testPlugin", "testPlugin\testPlugin.csproj", "{B44A7083-B88D-4CDD-9445-F226C9D4AECE}"
EndProject
Global
	GlobalSection(SolutionConfigurationPlatforms) = preSolution
		Debug|Any CPU = Debug|Any CPU
		Release|Any CPU = Release|Any CPU
	EndGlobalSection
	GlobalSection(ProjectConfigurationPlatforms) = postSolution
		{B44A7083-B88D-4CDD-9445-F226C9D4AECE}.Debug|Any CPU.ActiveCfg = Debug|Any CPU
		{B44A7083-B88D-4CDD-9445-F226C9D4AECE}.Debug|Any CPU.Build.0 = Debug|Any CPU
		{B44A7083-B88D-4CDD-9445-F226C9D4AECE}.Release|Any CPU.ActiveCfg = Release|Any CPU
		{B44A7083-B88D-4CDD-9445-F226C9D4AECE}.Release|Any CPU.Build.0 = Release|Any CPU
	EndGlobalSection
	GlobalSection(SolutionProperties) = preSolution
		HideSolutionNode = FALSE
	EndGlobalSection
	GlobalSection(ExtensibilityGlobals) = postSolution
		SolutionGuid = {A00CAD2F-0439-4B6C-8E5A-FB16E81B6819}
	EndGlobalSection
EndGlobal
